
Microsoft Visual Studio Solution File, Format Version 12.00
# Visual Studio 15
VisualStudioVersion = 15.0.26730.12
MinimumVisualStudioVersion = 10.0.40219.1
Project("{FAE04EC0-301F-11D3-BF4B-00C04F79EFBC}") = "test", "test\test.csproj", "{A1BE28F8-78E1-48B1-BE59-3C92883FB982}"
EndProject
Global
	GlobalSection(SolutionConfigurationPlatforms) = preSolution
		Debug|Any CPU = Debug|Any CPU
		Release|Any CPU = Release|Any CPU
	EndGlobalSection
	GlobalSection(ProjectConfigurationPlatforms) = postSolution
		{A1BE28F8-78E1-48B1-BE59-3C92883FB982}.Debug|Any CPU.ActiveCfg = Debug|Any CPU
		{A1BE28F8-78E1-48B1-BE59-3C92883FB982}.Debug|Any CPU.Build.0 = Debug|Any CPU
		{A1BE28F8-78E1-48B1-BE59-3C92883FB982}.Release|Any CPU.ActiveCfg = Release|Any CPU
		{A1BE28F8-78E1-48B1-BE59-3C92883FB982}.Release|Any CPU.Build.0 = Release|Any CPU
	EndGlobalSection
	GlobalSection(SolutionProperties) = preSolution
		HideSolutionNode = FALSE
	EndGlobalSection
	GlobalSection(ExtensibilityGlobals) = postSolution
		SolutionGuid = {CBE9CE14-5BF1-49CC-AD82-862D3A3B0BA8}
	EndGlobalSection
EndGlobal
